{
    "lockfileVersion": 1,
    "workspaces": {
        "": {
            "name": "school-planner-backend",
            "dependencies": {
                "@elysiajs/cors": "^0.8.0",
                "@elysiajs/static": "^1.2.0",
                "elysia": "^0.8.9",
                "mysql2": "^3.9.1"
            },
            "devDependencies": {
                "bun-types": "latest"
            }
        }
    },
    "packages": {
        "@elysiajs/cors": [
            "@elysiajs/cors@0.8.0",
            "",
            { "peerDependencies": { "elysia": ">= 0.8.0" } },
            "sha512-NADcOsokALRv4nljA5DYJPJdIJ7iwq+ouV5lH5W+hLgZRMYsfbKShg82QSmxd7BJQFuGSv2dIIF2dfG9ieUyng=="
        ],

        "@elysiajs/static": [
            "@elysiajs/static@1.2.0",
            "",
            { "dependencies": { "node-cache": "^5.1.2" }, "peerDependencies": { "elysia": ">= 1.2.0" } },
            "sha512-oLpAi8c+maPpA0XhhK3BELaIjIG+nXg/K9p8cFfW4q5ayRD59a3MOMOOGgpiXZkHJzLPWcouhhyyLAYtaANW4g=="
        ],

        "@sinclair/typebox": ["@sinclair/typebox@0.32.35", "", {}, "sha512-Ul3YyOTU++to8cgNkttakC0dWvpERr6RYoHO2W47DLbFvrwBDJUY31B1sImH6JZSYc4Kt4PyHtoPNu+vL2r2dA=="],

        "@types/node": [
            "@types/node@22.13.13",
            "",
            { "dependencies": { "undici-types": "~6.20.0" } },
            "sha512-ClsL5nMwKaBRwPcCvH8E7+nU4GxHVx1axNvMZTFHMEfNI7oahimt26P5zjVCRrjiIWj6YFXfE1v3dEp94wLcGQ=="
        ],

        "@types/ws": ["@types/ws@8.5.14", "", { "dependencies": { "@types/node": "*" } }, "sha512-bd/YFLW+URhBzMXurx7lWByOu+xzU9+kb3RboOteXYDfW+tr+JZa99OyNmPINEGB/ahzKrEuc8rcv4gnpJmxTw=="],

        "aws-ssl-profiles": ["aws-ssl-profiles@1.1.2", "", {}, "sha512-NZKeq9AfyQvEeNlN0zSYAaWrmBffJh3IELMZfRpJVWgrpEbtEpnjvzqBPf+mxoI287JohRDoa+/nsfqqiZmF6g=="],

        "bun-types": [
            "bun-types@1.2.6",
            "",
            { "dependencies": { "@types/node": "*", "@types/ws": "~8.5.10" } },
            "sha512-FbCKyr5KDiPULUzN/nm5oqQs9nXCHD8dVc64BArxJadCvbNzAI6lUWGh9fSJZWeDIRD38ikceBU8Kj/Uh+53oQ=="
        ],

        "clone": ["clone@2.1.2", "", {}, "sha512-3Pe/CF1Nn94hyhIYpjtiLhdCoEoz0DqQ+988E9gmeEdQZlojxnOb74wctFyuwWQHzqyf9X7C7MG8juUpqBJT8w=="],

        "cookie": ["cookie@0.6.0", "", {}, "sha512-U71cyTamuh1CRNCfpGY6to28lxvNwPG4Guz/EVjgf3Jmzv0vlDp1atT9eS5dDjMYHucpHbWns6Lwf3BKz6svdw=="],

        "denque": ["denque@2.1.0", "", {}, "sha512-HVQE3AAb/pxF8fQAoiqpvg9i3evqug3hoiwakOyZAwJm+6vZehbkYXZ0l4JxS+I3QxM97v5aaRNhj8v5oBhekw=="],

        "elysia": [
            "elysia@0.8.17",
            "",
            {
                "dependencies": {
                    "@sinclair/typebox": "^0.32.0",
                    "cookie": "^0.6.0",
                    "eventemitter3": "^5.0.1",
                    "fast-decode-uri-component": "^1.0.1",
                    "fast-querystring": "^1.1.2",
                    "memoirist": "0.1.10",
                    "openapi-types": "^12.1.3"
                },
                "peerDependencies": { "typescript": ">= 5.0.0" },
                "optionalPeers": ["typescript"]
            },
            "sha512-hqKHKUxbvlDHnobudtna5nBoGiZ4oa0xdnhynLAJF3+6gTYHAcQ/8/IyxUx5Az5Uy0zTuNiv7m2bIFu7xeMiWg=="
        ],

        "eventemitter3": ["eventemitter3@5.0.1", "", {}, "sha512-GWkBvjiSZK87ELrYOSESUYeVIc9mvLLf/nXalMOS5dYrgZq9o5OVkbZAVM06CVxYsCwH9BDZFPlQTlPA1j4ahA=="],

        "fast-decode-uri-component": ["fast-decode-uri-component@1.0.1", "", {}, "sha512-WKgKWg5eUxvRZGwW8FvfbaH7AXSh2cL+3j5fMGzUMCxWBJ3dV3a7Wz8y2f/uQ0e3B6WmodD3oS54jTQ9HVTIIg=="],

        "fast-querystring": [
            "fast-querystring@1.1.2",
            "",
            { "dependencies": { "fast-decode-uri-component": "^1.0.1" } },
            "sha512-g6KuKWmFXc0fID8WWH0jit4g0AGBoJhCkJMb1RmbsSEUNvQ+ZC8D6CUZ+GtF8nMzSPXnhiePyyqqipzNNEnHjg=="
        ],

        "generate-function": [
            "generate-function@2.3.1",
            "",
            { "dependencies": { "is-property": "^1.0.2" } },
            "sha512-eeB5GfMNeevm/GRYq20ShmsaGcmI81kIX2K9XQx5miC8KdHaC6Jm0qQ8ZNeGOi7wYB8OsdxKs+Y2oVuTFuVwKQ=="
        ],

        "iconv-lite": [
            "iconv-lite@0.6.3",
            "",
            { "dependencies": { "safer-buffer": ">= 2.1.2 < 3.0.0" } },
            "sha512-4fCk79wshMdzMp2rH06qWrJE4iolqLhCUH+OiuIgU++RB0+94NlDL81atO7GX55uUKueo0txHNtvEyI6D7WdMw=="
        ],

        "is-property": ["is-property@1.0.2", "", {}, "sha512-Ks/IoX00TtClbGQr4TWXemAnktAQvYB7HzcCxDGqEZU6oCmb2INHuOoKxbtR+HFkmYWBKv/dOZtGRiAjDhj92g=="],

        "long": ["long@5.3.1", "", {}, "sha512-ka87Jz3gcx/I7Hal94xaN2tZEOPoUOEVftkQqZx2EeQRN7LGdfLlI3FvZ+7WDplm+vK2Urx9ULrvSowtdCieng=="],

        "lru-cache": ["lru-cache@7.18.3", "", {}, "sha512-jumlc0BIUrS3qJGgIkWZsyfAM7NCWiBcCDhnd+3NNM5KbBmLTgHVfWBcg6W+rLUsIpzpERPsvwUP7CckAQSOoA=="],

        "lru.min": ["lru.min@1.1.2", "", {}, "sha512-Nv9KddBcQSlQopmBHXSsZVY5xsdlZkdH/Iey0BlcBYggMd4two7cZnKOK9vmy3nY0O5RGH99z1PCeTpPqszUYg=="],

        "memoirist": ["memoirist@0.1.10", "", {}, "sha512-k2ARHDrSzqeQAWrgvE2NgNj7p5c1LkeFI1VizklJWDXAOTgq7m8mtl0v6W1mVawFNe3DH0hb4BdA91y3vwbqvw=="],

        "mysql2": [
            "mysql2@3.14.0",
            "",
            {
                "dependencies": {
                    "aws-ssl-profiles": "^1.1.1",
                    "denque": "^2.1.0",
                    "generate-function": "^2.3.1",
                    "iconv-lite": "^0.6.3",
                    "long": "^5.2.1",
                    "lru.min": "^1.0.0",
                    "named-placeholders": "^1.1.3",
                    "seq-queue": "^0.0.5",
                    "sqlstring": "^2.3.2"
                }
            },
            "sha512-8eMhmG6gt/hRkU1G+8KlGOdQi2w+CgtNoD1ksXZq9gQfkfDsX4LHaBwTe1SY0Imx//t2iZA03DFnyYKPinxSRw=="
        ],

        "named-placeholders": [
            "named-placeholders@1.1.3",
            "",
            { "dependencies": { "lru-cache": "^7.14.1" } },
            "sha512-eLoBxg6wE/rZkJPhU/xRX1WTpkFEwDJEN96oxFrTsqBdbT5ec295Q+CoHrL9IT0DipqKhmGcaZmwOt8OON5x1w=="
        ],

        "node-cache": ["node-cache@5.1.2", "", { "dependencies": { "clone": "2.x" } }, "sha512-t1QzWwnk4sjLWaQAS8CHgOJ+RAfmHpxFWmc36IWTiWHQfs0w5JDMBS1b1ZxQteo0vVVuWJvIUKHDkkeK7vIGCg=="],

        "openapi-types": ["openapi-types@12.1.3", "", {}, "sha512-N4YtSYJqghVu4iek2ZUvcN/0aqH1kRDuNqzcycDxhOUpg7GdvLa2F3DgS6yBNhInhv2r/6I0Flkn7CqL8+nIcw=="],

        "safer-buffer": ["safer-buffer@2.1.2", "", {}, "sha512-YZo3K82SD7Riyi0E1EQPojLz7kpepnSQI9IyPbHHg1XXXevb5dJI7tpyN2ADxGcQbHG7vcyRHk0cbwqcQriUtg=="],

        "seq-queue": ["seq-queue@0.0.5", "", {}, "sha512-hr3Wtp/GZIc/6DAGPDcV4/9WoZhjrkXsi5B/07QgX8tsdc6ilr7BFM6PM6rbdAX1kFSDYeZGLipIZZKyQP0O5Q=="],

        "sqlstring": ["sqlstring@2.3.3", "", {}, "sha512-qC9iz2FlN7DQl3+wjwn3802RTyjCx7sDvfQEXchwa6CWOx07/WVfh91gBmQ9fahw8snwGEWU3xGzOt4tFyHLxg=="],

        "undici-types": ["undici-types@6.20.0", "", {}, "sha512-Ny6QZ2Nju20vw1SRHe3d9jVu6gJ+4e3+MMpqu7pqE5HT6WsTSlce++GQmK5UXS8mzV8DSYHrQH+Xrf2jVcuKNg=="]
    }
}
